
Microsoft Visual Studio Solution File, Format Version 12.00
# Visual Studio Version 16
VisualStudioVersion = 16.0.31129.286
MinimumVisualStudioVersion = 10.0.40219.1
Project("{8BC9CEB8-8B4A-11D0-8D11-00A0C91BC942}") = "Car penalties with list,map", "Car penalties with list,map\Car penalties with list,map.vcxproj", "{8EC3AA7F-60D0-4095-AE4D-F48E1F5E74BB}"
EndProject
Global
	GlobalSection(SolutionConfigurationPlatforms) = preSolution
		Debug|x64 = Debug|x64
		Debug|x86 = Debug|x86
		Release|x64 = Release|x64
		Release|x86 = Release|x86
	EndGlobalSection
	GlobalSection(ProjectConfigurationPlatforms) = postSolution
		{8EC3AA7F-60D0-4095-AE4D-F48E1F5E74BB}.Debug|x64.ActiveCfg = Debug|x64
		{8EC3AA7F-60D0-4095-AE4D-F48E1F5E74BB}.Debug|x64.Build.0 = Debug|x64
		{8EC3AA7F-60D0-4095-AE4D-F48E1F5E74BB}.Debug|x86.ActiveCfg = Debug|Win32
		{8EC3AA7F-60D0-4095-AE4D-F48E1F5E74BB}.Debug|x86.Build.0 = Debug|Win32
		{8EC3AA7F-60D0-4095-AE4D-F48E1F5E74BB}.Release|x64.ActiveCfg = Release|x64
		{8EC3AA7F-60D0-4095-AE4D-F48E1F5E74BB}.Release|x64.Build.0 = Release|x64
		{8EC3AA7F-60D0-4095-AE4D-F48E1F5E74BB}.Release|x86.ActiveCfg = Release|Win32
		{8EC3AA7F-60D0-4095-AE4D-F48E1F5E74BB}.Release|x86.Build.0 = Release|Win32
	EndGlobalSection
	GlobalSection(SolutionProperties) = preSolution
		HideSolutionNode = FALSE
	EndGlobalSection
	GlobalSection(ExtensibilityGlobals) = postSolution
		SolutionGuid = {A05B71DF-AD58-43F9-960E-701F3DC3188D}
	EndGlobalSection
EndGlobal
